
Microsoft Visual Studio Solution File, Format Version 12.00
# Visual Studio Version 16
VisualStudioVersion = 16.0.30011.22
MinimumVisualStudioVersion = 10.0.40219.1
Project("{FAE04EC0-301F-11D3-BF4B-00C04F79EFBC}") = "Seção 6 - Vetores", "Seção 6 - Vetores\Seção 6 - Vetores.csproj", "{94CE1328-91EA-4DBC-BBA2-3066B504C73C}"
EndProject
Global
	GlobalSection(SolutionConfigurationPlatforms) = preSolution
		Debug|Any CPU = Debug|Any CPU
		Release|Any CPU = Release|Any CPU
	EndGlobalSection
	GlobalSection(ProjectConfigurationPlatforms) = postSolution
		{94CE1328-91EA-4DBC-BBA2-3066B504C73C}.Debug|Any CPU.ActiveCfg = Debug|Any CPU
		{94CE1328-91EA-4DBC-BBA2-3066B504C73C}.Debug|Any CPU.Build.0 = Debug|Any CPU
		{94CE1328-91EA-4DBC-BBA2-3066B504C73C}.Release|Any CPU.ActiveCfg = Release|Any CPU
		{94CE1328-91EA-4DBC-BBA2-3066B504C73C}.Release|Any CPU.Build.0 = Release|Any CPU
	EndGlobalSection
	GlobalSection(SolutionProperties) = preSolution
		HideSolutionNode = FALSE
	EndGlobalSection
	GlobalSection(ExtensibilityGlobals) = postSolution
		SolutionGuid = {A4D2E4C9-540F-45FB-9E1A-A1FF85DCA87A}
	EndGlobalSection
EndGlobal
