
Microsoft Visual Studio Solution File, Format Version 12.00
# Visual Studio Version 16
VisualStudioVersion = 16.0.30011.22
MinimumVisualStudioVersion = 10.0.40219.1
Project("{FAE04EC0-301F-11D3-BF4B-00C04F79EFBC}") = "Time", "Time\Time.csproj", "{485C81F6-037D-4CEA-A95F-26BB8A847118}"
EndProject
Global
	GlobalSection(SolutionConfigurationPlatforms) = preSolution
		Debug|Any CPU = Debug|Any CPU
		Release|Any CPU = Release|Any CPU
	EndGlobalSection
	GlobalSection(ProjectConfigurationPlatforms) = postSolution
		{485C81F6-037D-4CEA-A95F-26BB8A847118}.Debug|Any CPU.ActiveCfg = Debug|Any CPU
		{485C81F6-037D-4CEA-A95F-26BB8A847118}.Debug|Any CPU.Build.0 = Debug|Any CPU
		{485C81F6-037D-4CEA-A95F-26BB8A847118}.Release|Any CPU.ActiveCfg = Release|Any CPU
		{485C81F6-037D-4CEA-A95F-26BB8A847118}.Release|Any CPU.Build.0 = Release|Any CPU
	EndGlobalSection
	GlobalSection(SolutionProperties) = preSolution
		HideSolutionNode = FALSE
	EndGlobalSection
	GlobalSection(ExtensibilityGlobals) = postSolution
		SolutionGuid = {270CD9D7-21A1-4F1E-A6E8-BBC4EA8BAF0D}
	EndGlobalSection
EndGlobal
