
Microsoft Visual Studio Solution File, Format Version 12.00
# Visual Studio Version 16
VisualStudioVersion = 16.0.30011.22
MinimumVisualStudioVersion = 10.0.40219.1
Project("{FAE04EC0-301F-11D3-BF4B-00C04F79EFBC}") = "2º", "2º\2º.csproj", "{AA4859BB-F0C2-413A-9A78-43B2C07A09E7}"
EndProject
Global
	GlobalSection(SolutionConfigurationPlatforms) = preSolution
		Debug|Any CPU = Debug|Any CPU
		Release|Any CPU = Release|Any CPU
	EndGlobalSection
	GlobalSection(ProjectConfigurationPlatforms) = postSolution
		{AA4859BB-F0C2-413A-9A78-43B2C07A09E7}.Debug|Any CPU.ActiveCfg = Debug|Any CPU
		{AA4859BB-F0C2-413A-9A78-43B2C07A09E7}.Debug|Any CPU.Build.0 = Debug|Any CPU
		{AA4859BB-F0C2-413A-9A78-43B2C07A09E7}.Release|Any CPU.ActiveCfg = Release|Any CPU
		{AA4859BB-F0C2-413A-9A78-43B2C07A09E7}.Release|Any CPU.Build.0 = Release|Any CPU
	EndGlobalSection
	GlobalSection(SolutionProperties) = preSolution
		HideSolutionNode = FALSE
	EndGlobalSection
	GlobalSection(ExtensibilityGlobals) = postSolution
		SolutionGuid = {4A947633-3163-4269-915F-64F4C17D3BF5}
	EndGlobalSection
EndGlobal
