
Microsoft Visual Studio Solution File, Format Version 12.00
# Visual Studio Version 16
VisualStudioVersion = 16.0.30011.22
MinimumVisualStudioVersion = 10.0.40219.1
Project("{FAE04EC0-301F-11D3-BF4B-00C04F79EFBC}") = "Cotação Dólar", "Cotação Dólar\Cotação Dólar.csproj", "{7A2FD496-FF73-4766-A8FC-584FD905DF72}"
EndProject
Global
	GlobalSection(SolutionConfigurationPlatforms) = preSolution
		Debug|Any CPU = Debug|Any CPU
		Release|Any CPU = Release|Any CPU
	EndGlobalSection
	GlobalSection(ProjectConfigurationPlatforms) = postSolution
		{7A2FD496-FF73-4766-A8FC-584FD905DF72}.Debug|Any CPU.ActiveCfg = Debug|Any CPU
		{7A2FD496-FF73-4766-A8FC-584FD905DF72}.Debug|Any CPU.Build.0 = Debug|Any CPU
		{7A2FD496-FF73-4766-A8FC-584FD905DF72}.Release|Any CPU.ActiveCfg = Release|Any CPU
		{7A2FD496-FF73-4766-A8FC-584FD905DF72}.Release|Any CPU.Build.0 = Release|Any CPU
	EndGlobalSection
	GlobalSection(SolutionProperties) = preSolution
		HideSolutionNode = FALSE
	EndGlobalSection
	GlobalSection(ExtensibilityGlobals) = postSolution
		SolutionGuid = {D4794AAE-7DF2-408D-B3B4-2533EBE9F8DB}
	EndGlobalSection
EndGlobal
