
Microsoft Visual Studio Solution File, Format Version 12.00
# Visual Studio Version 16
VisualStudioVersion = 16.0.30011.22
MinimumVisualStudioVersion = 10.0.40219.1
Project("{FAE04EC0-301F-11D3-BF4B-00C04F79EFBC}") = "Course", "Course\Course.csproj", "{04A8A950-0856-4065-A7F3-228A721B5127}"
EndProject
Global
	GlobalSection(SolutionConfigurationPlatforms) = preSolution
		Debug|Any CPU = Debug|Any CPU
		Release|Any CPU = Release|Any CPU
	EndGlobalSection
	GlobalSection(ProjectConfigurationPlatforms) = postSolution
		{04A8A950-0856-4065-A7F3-228A721B5127}.Debug|Any CPU.ActiveCfg = Debug|Any CPU
		{04A8A950-0856-4065-A7F3-228A721B5127}.Debug|Any CPU.Build.0 = Debug|Any CPU
		{04A8A950-0856-4065-A7F3-228A721B5127}.Release|Any CPU.ActiveCfg = Release|Any CPU
		{04A8A950-0856-4065-A7F3-228A721B5127}.Release|Any CPU.Build.0 = Release|Any CPU
	EndGlobalSection
	GlobalSection(SolutionProperties) = preSolution
		HideSolutionNode = FALSE
	EndGlobalSection
	GlobalSection(ExtensibilityGlobals) = postSolution
		SolutionGuid = {DADF6D96-C37C-4548-BC72-93F483B94384}
	EndGlobalSection
EndGlobal
